
Microsoft Visual Studio Solution File, Format Version 12.00
# Visual Studio Version 16
VisualStudioVersion = 16.0.31229.75
MinimumVisualStudioVersion = 10.0.40219.1
Project("{FAE04EC0-301F-11D3-BF4B-00C04F79EFBC}") = "Bravissimo.Web", "Bravissimo.Web\Bravissimo.Web.csproj", "{C08B43DE-A462-4773-97AD-980B2209F09F}"
EndProject
Global
	GlobalSection(SolutionConfigurationPlatforms) = preSolution
		Debug|Any CPU = Debug|Any CPU
		Release|Any CPU = Release|Any CPU
	EndGlobalSection
	GlobalSection(ProjectConfigurationPlatforms) = postSolution
		{C08B43DE-A462-4773-97AD-980B2209F09F}.Debug|Any CPU.ActiveCfg = Debug|Any CPU
		{C08B43DE-A462-4773-97AD-980B2209F09F}.Debug|Any CPU.Build.0 = Debug|Any CPU
		{C08B43DE-A462-4773-97AD-980B2209F09F}.Release|Any CPU.ActiveCfg = Release|Any CPU
		{C08B43DE-A462-4773-97AD-980B2209F09F}.Release|Any CPU.Build.0 = Release|Any CPU
	EndGlobalSection
	GlobalSection(SolutionProperties) = preSolution
		HideSolutionNode = FALSE
	EndGlobalSection
	GlobalSection(ExtensibilityGlobals) = postSolution
		SolutionGuid = {5688B1D4-0C68-4D51-8FF6-561754749567}
	EndGlobalSection
EndGlobal
